
Microsoft Visual Studio Solution File, Format Version 12.00
# Visual Studio Version 16
VisualStudioVersion = 16.0.29519.87
MinimumVisualStudioVersion = 10.0.40219.1
Project("{9A19103F-16F7-4668-BE54-9A1E7A4F7556}") = "NogginSign.net", "NogginSign.net\NogginSign.net.csproj", "{2258FC03-3746-4DAB-8A40-2102DF3D7688}"
EndProject
Project("{2150E333-8FDC-42A3-9474-1A3956D46DE8}") = "Solution files", "Solution files", "{4469504B-DBDD-4053-9519-74D5A23EA70C}"
	ProjectSection(SolutionItems) = preProject
		.gitignore = .gitignore
		README.md = README.md
	EndProjectSection
EndProject
Project("{2150E333-8FDC-42A3-9474-1A3956D46DE8}") = "Python files", "Python files", "{EAC910C7-2EBD-4488-B2EC-D4FB892C9A25}"
	ProjectSection(SolutionItems) = preProject
		alphasign\__init__.py = alphasign\__init__.py
		alphasign\charsets.py = alphasign\charsets.py
		alphasign\counters.py = alphasign\counters.py
		alphasign\date.py = alphasign\date.py
		alphasign\devices.py = alphasign\devices.py
		alphasign\extchars.py = alphasign\extchars.py
		alphasign\modes.py = alphasign\modes.py
		alphasign\packet.py = alphasign\packet.py
		alphasign\positions.py = alphasign\positions.py
		alphasign\speeds.py = alphasign\speeds.py
		alphasign\string.py = alphasign\string.py
		alphasign\text.py = alphasign\text.py
		alphasign\time.py = alphasign\time.py
	EndProjectSection
EndProject
Global
	GlobalSection(SolutionConfigurationPlatforms) = preSolution
		Debug|Any CPU = Debug|Any CPU
		Release|Any CPU = Release|Any CPU
	EndGlobalSection
	GlobalSection(ProjectConfigurationPlatforms) = postSolution
		{2258FC03-3746-4DAB-8A40-2102DF3D7688}.Debug|Any CPU.ActiveCfg = Debug|Any CPU
		{2258FC03-3746-4DAB-8A40-2102DF3D7688}.Debug|Any CPU.Build.0 = Debug|Any CPU
		{2258FC03-3746-4DAB-8A40-2102DF3D7688}.Release|Any CPU.ActiveCfg = Release|Any CPU
		{2258FC03-3746-4DAB-8A40-2102DF3D7688}.Release|Any CPU.Build.0 = Release|Any CPU
	EndGlobalSection
	GlobalSection(SolutionProperties) = preSolution
		HideSolutionNode = FALSE
	EndGlobalSection
	GlobalSection(ExtensibilityGlobals) = postSolution
		SolutionGuid = {A6B565F5-9823-43B5-9295-E60D0363189D}
	EndGlobalSection
EndGlobal
